# THIS IS AN AUTOGENERATED FILE. DO NOT EDIT THIS FILE DIRECTLY.
# yarn lockfile v1


override-require@^1.1.1:
  version "1.1.1"
  resolved "https://registry.npmjs.org/override-require/-/override-require-1.1.1.tgz#6ae22fadeb1f850ffb0cf4c20ff7b87e5eb650df"
  integrity sha1-auIvresfhQ/7DPTCD/e4fl62UN8=
